{
  "version": 4,
  "terraform_version": "1.5.7",
  "serial": 9,
  "lineage": "512714af-96e1-104e-0d0e-875364015ab4",
  "outputs": {},
  "resources": [
    {
      "mode": "managed",
      "type": "google_container_cluster",
      "name": "primary",
      "provider": "provider[\"registry.terraform.io/hashicorp/google\"]",
      "instances": [
        {
          "schema_version": 2,
          "attributes": {
            "addons_config": [
              {
                "cloudrun_config": [],
                "config_connector_config": [],
                "dns_cache_config": [],
                "gce_persistent_disk_csi_driver_config": [
                  {
                    "enabled": true
                  }
                ],
                "gcp_filestore_csi_driver_config": [],
                "gcs_fuse_csi_driver_config": [],
                "gke_backup_agent_config": [],
                "horizontal_pod_autoscaling": [],
                "http_load_balancing": [],
                "network_policy_config": [
                  {
                    "disabled": true
                  }
                ],
                "parallelstore_csi_driver_config": [],
                "ray_operator_config": [],
                "stateful_ha_config": []
              }
            ],
            "allow_net_admin": null,
            "authenticator_groups_config": [],
            "binary_authorization": [
              {
                "enabled": false,
                "evaluation_mode": ""
              }
            ],
            "cluster_autoscaling": [
              {
                "auto_provisioning_defaults": [],
                "auto_provisioning_locations": [],
                "autoscaling_profile": "BALANCED",
                "enabled": false,
                "resource_limits": []
              }
            ],
            "cluster_ipv4_cidr": "10.52.0.0/14",
            "confidential_nodes": [],
            "control_plane_endpoints_config": [
              {
                "dns_endpoint_config": [
                  {
                    "allow_external_traffic": false,
                    "endpoint": "gke-559ca11f5fd8461895dc7192685a98ec9c4f-505541295964.us-central1.gke.goog"
                  }
                ],
                "ip_endpoints_config": [
                  {
                    "enabled": true
                  }
                ]
              }
            ],
            "cost_management_config": [],
            "database_encryption": [
              {
                "key_name": "",
                "state": "DECRYPTED"
              }
            ],
            "datapath_provider": "",
            "default_max_pods_per_node": 110,
            "default_snat_status": [
              {
                "disabled": false
              }
            ],
            "deletion_protection": false,
            "description": "",
            "dns_config": [],
            "effective_labels": {
              "goog-terraform-provisioned": "true"
            },
            "enable_autopilot": false,
            "enable_cilium_clusterwide_network_policy": false,
            "enable_fqdn_network_policy": false,
            "enable_intranode_visibility": false,
            "enable_k8s_beta_apis": [],
            "enable_kubernetes_alpha": false,
            "enable_l4_ilb_subsetting": false,
            "enable_legacy_abac": false,
            "enable_multi_networking": false,
            "enable_shielded_nodes": true,
            "enable_tpu": false,
            "endpoint": "34.171.236.70",
            "enterprise_config": [
              {
                "cluster_tier": "STANDARD",
                "desired_tier": ""
              }
            ],
            "fleet": [],
            "gateway_api_config": [],
            "id": "projects/web-scraper-455220/locations/us-central1/clusters/web-scrape-cluster",
            "identity_service_config": [],
            "initial_node_count": 1,
            "ip_allocation_policy": [
              {
                "additional_pod_ranges_config": [],
                "cluster_ipv4_cidr_block": "10.52.0.0/14",
                "cluster_secondary_range_name": "gke-web-scrape-cluster-pods-559ca11f",
                "pod_cidr_overprovision_config": [
                  {
                    "disabled": false
                  }
                ],
                "services_ipv4_cidr_block": "34.118.224.0/20",
                "services_secondary_range_name": "",
                "stack_type": "IPV4"
              }
            ],
            "label_fingerprint": "78cdf2f6",
            "location": "us-central1",
            "logging_config": [
              {
                "enable_components": [
                  "SYSTEM_COMPONENTS",
                  "WORKLOADS"
                ]
              }
            ],
            "logging_service": "logging.googleapis.com/kubernetes",
            "maintenance_policy": [],
            "master_auth": [
              {
                "client_certificate": "",
                "client_certificate_config": [
                  {
                    "issue_client_certificate": false
                  }
                ],
                "client_key": "",
                "cluster_ca_certificate": "LS0tLS1CRUdJTiBDRVJUSUZJQ0FURS0tLS0tCk1JSUVMRENDQXBTZ0F3SUJBZ0lRT0dXUW8xTWR1VnRKOWRtK0g3YlFtREFOQmdrcWhraUc5dzBCQVFzRkFEQXYKTVMwd0t3WURWUVFERXlReE0ySXdZelJpTUMwMU5XTTRMVFJoWW1JdE9UazJaaTA0TURZNFl6VXdZalE1TkRFdwpJQmNOTWpVd016STVNVGt6TVRVM1doZ1BNakExTlRBek1qSXlNRE14TlRkYU1DOHhMVEFyQmdOVkJBTVRKREV6CllqQmpOR0l3TFRVMVl6Z3ROR0ZpWWkwNU9UWm1MVGd3Tmpoak5UQmlORGswTVRDQ0FhSXdEUVlKS29aSWh2Y04KQVFFQkJRQURnZ0dQQURDQ0FZb0NnZ0dCQUtsODltYWpHLzdKTStSL1F1djZhZ1BJWnBHNnFRZVBZL0NRejlPdwpGRzNMc2p2QTZnVFEwSHIrOGdsaWVYSUVXUjhBQlZueGFzMmNveUlQbmhmMXBFQ3A5Um5ERVMvRkZHeURTMk5rCjFRTFdMTzV2NDZvcURQdU8wTlZTSHR1NW5iU0tLU05hRVJqbEQ1YSs1MzhsK3VuUi9VTVE5U3NUcHl5V0YrWWgKNE92dG1YVGMzWVZvenJVdlAvRVdzN0lRNDJvSWVLYWoybExZd0w4YlhJczZKc3ppOEh3QkxNejF0b3hCVVAyOQovMHdSRk45aTZmdGhSQzdZSTcySFNjaXVyYjlGbmFac1BMZnVNalViOWhlOGh4Y3h2T0x1NjlTMk51UEMyUUg2CiswWkdZenE4S1hIb2IvUFphSkNGd0M3ZU85Wm9LYVpEaFVDWiszN05jSVBpa1ljbkJySjhrN2FZLzhGMlVMUEIKWXhnalY0MjR5a3BnaGJuZVNndmlCNmFOWk43a1hhS2tUSkdoeEtWRHhpOEpsZmZlQzFMUVNzSjBkYVlSVXN1OQpNNkdOMktpMTNhZWZGR1VrMjN2UGd1NWs3emJmQ3JUdFBoMnhBbkthY2k4YThOKzJLZmtGYzFFSXlLRWRFcFg2ClBiV0JXZkx3MW93ODlRTmhFdVNLT3N0MEZ3SURBUUFCbzBJd1FEQU9CZ05WSFE4QkFmOEVCQU1DQWdRd0R3WUQKVlIwVEFRSC9CQVV3QXdFQi96QWRCZ05WSFE0RUZnUVVtcHprdGFyZXNvQi84Ym5KOVZIcGwyQzJVb293RFFZSgpLb1pJaHZjTkFRRUxCUUFEZ2dHQkFBcHRzS3NJaTFwU2xMZ3ZzNk5JY0NzVnhpQ2tJUGxib1J4NG9Fd0VkZ3haCnVrM2hnV1I1MmJEYUdRUmhnWjNPcm5vU0tPc0Q2ejNTN3FsV3VSL0ovNnY4WkNkNW1EZDNaTWdUSjVqbG5iNDQKL0lIUEc0UGl3bHdyaStEbHJ4VklVUHdlTXRBSUVqUU9PUlE4WkpWQlk4UDhZMWIvNktDRWNjZUMyK2RheWd0agpFV0lQVVA2WTBTQW0wbzIwWU1MYXJuclJydWFyOHhyTmhqbXJ3RkFRekNWNFNpcTNyVE0wUTlhMGhqeFBHN3ErCkZlQldIRXhwNmNUY3c0RlFkckE5dVg3cjBzdDVjblVYQkxoVm1ZbC9sZ24vUTlHTUE2TXFzOUgwNE4xZVhOenkKdjFJR0JVSFlzcmFwTHRnbVF3d0taYUE4OVAvOWI2MGZQd1JhVkV0cDhqK2hhYTdhY3RzNC94bGRQcVE1R240MQpRRm5NZ2ZocGdXSGJTQ1hQN2xtZWQ5U2xoaWEzVW5vWHdxV0hFK3FuUjZMT2l5dUhLeXZkQnRRdlQyd3FRU3A2CmF4NGRYOCsyYnVQQ3E1b2NYamg1Zkhra0I3RnBQclJHSXl4NG9SdUlKaVhtTjlDanZzM0tiUlIwK0JDRzh2em4KcnE3a0RYYlRWWXFDbUQ5UDZqd3F5dz09Ci0tLS0tRU5EIENFUlRJRklDQVRFLS0tLS0K"
              }
            ],
            "master_authorized_networks_config": [],
            "master_version": "1.31.6-gke.1020000",
            "mesh_certificates": [],
            "min_master_version": null,
            "monitoring_config": [
              {
                "advanced_datapath_observability_config": [
                  {
                    "enable_metrics": false,
                    "enable_relay": false
                  }
                ],
                "enable_components": [
                  "SYSTEM_COMPONENTS",
                  "DAEMONSET",
                  "DEPLOYMENT",
                  "STATEFULSET",
                  "STORAGE",
                  "HPA",
                  "POD",
                  "CADVISOR",
                  "KUBELET"
                ],
                "managed_prometheus": [
                  {
                    "enabled": true
                  }
                ]
              }
            ],
            "monitoring_service": "monitoring.googleapis.com/kubernetes",
            "name": "web-scrape-cluster",
            "network": "projects/web-scraper-455220/global/networks/default",
            "network_policy": [
              {
                "enabled": false,
                "provider": "PROVIDER_UNSPECIFIED"
              }
            ],
            "networking_mode": "VPC_NATIVE",
            "node_config": [],
            "node_locations": [
              "us-central1-a",
              "us-central1-c",
              "us-central1-f"
            ],
            "node_pool": [],
            "node_pool_auto_config": [],
            "node_pool_defaults": [
              {
                "node_config_defaults": [
                  {
                    "containerd_config": [],
                    "gcfs_config": [],
                    "insecure_kubelet_readonly_port_enabled": "FALSE",
                    "logging_variant": "DEFAULT"
                  }
                ]
              }
            ],
            "node_version": "1.31.6-gke.1020000",
            "notification_config": [
              {
                "pubsub": [
                  {
                    "enabled": false,
                    "filter": [],
                    "topic": ""
                  }
                ]
              }
            ],
            "operation": null,
            "private_cluster_config": [
              {
                "enable_private_endpoint": false,
                "enable_private_nodes": false,
                "master_global_access_config": [
                  {
                    "enabled": false
                  }
                ],
                "master_ipv4_cidr_block": "",
                "peering_name": "",
                "private_endpoint": "10.128.0.2",
                "private_endpoint_subnetwork": "",
                "public_endpoint": "34.171.236.70"
              }
            ],
            "private_ipv6_google_access": "",
            "project": "web-scraper-455220",
            "release_channel": [
              {
                "channel": "REGULAR"
              }
            ],
            "remove_default_node_pool": true,
            "resource_labels": {},
            "resource_usage_export_config": [],
            "secret_manager_config": [
              {
                "enabled": false
              }
            ],
            "security_posture_config": [
              {
                "mode": "BASIC",
                "vulnerability_mode": "VULNERABILITY_MODE_UNSPECIFIED"
              }
            ],
            "self_link": "https://container.googleapis.com/v1/projects/web-scraper-455220/locations/us-central1/clusters/web-scrape-cluster",
            "service_external_ips_config": [
              {
                "enabled": false
              }
            ],
            "services_ipv4_cidr": "34.118.224.0/20",
            "subnetwork": "projects/web-scraper-455220/regions/us-central1/subnetworks/default",
            "terraform_labels": {
              "goog-terraform-provisioned": "true"
            },
            "timeouts": null,
            "tpu_ipv4_cidr_block": "",
            "user_managed_keys_config": [],
            "vertical_pod_autoscaling": [],
            "workload_identity_config": []
          },
          "sensitive_attributes": [],
          "private": "eyJlMmJmYjczMC1lY2FhLTExZTYtOGY4OC0zNDM2M2JjN2M0YzAiOnsiY3JlYXRlIjoyNDAwMDAwMDAwMDAwLCJkZWxldGUiOjI0MDAwMDAwMDAwMDAsInJlYWQiOjI0MDAwMDAwMDAwMDAsInVwZGF0ZSI6MzYwMDAwMDAwMDAwMH0sInNjaGVtYV92ZXJzaW9uIjoiMiJ9"
        }
      ]
    },
    {
      "mode": "managed",
      "type": "google_container_node_pool",
      "name": "primary_nodes",
      "provider": "provider[\"registry.terraform.io/hashicorp/google\"]",
      "instances": [
        {
          "status": "tainted",
          "schema_version": 1,
          "attributes": {
            "autoscaling": [],
            "cluster": "web-scrape-cluster",
            "id": "projects/web-scraper-455220/locations/us-central1/clusters/web-scrape-cluster/nodePools/node-pool",
            "initial_node_count": null,
            "instance_group_urls": null,
            "location": "us-central1",
            "managed_instance_group_urls": null,
            "management": null,
            "max_pods_per_node": null,
            "name": "node-pool",
            "name_prefix": null,
            "network_config": null,
            "node_config": [
              {
                "advanced_machine_features": [],
                "boot_disk_kms_key": "",
                "confidential_nodes": [],
                "containerd_config": [],
                "disk_size_gb": 0,
                "disk_type": "",
                "effective_taints": [],
                "enable_confidential_storage": false,
                "ephemeral_storage_local_ssd_config": [],
                "fast_socket": [],
                "gcfs_config": [],
                "guest_accelerator": [],
                "gvnic": [],
                "host_maintenance_policy": [],
                "image_type": "",
                "kubelet_config": [],
                "labels": {},
                "linux_node_config": [],
                "local_nvme_ssd_block_config": [],
                "local_ssd_count": 0,
                "local_ssd_encryption_mode": "",
                "logging_variant": "",
                "machine_type": "e2-medium",
                "max_run_duration": "",
                "metadata": {},
                "min_cpu_platform": "",
                "node_group": "",
                "oauth_scopes": [
                  "https://www.googleapis.com/auth/cloud-platform"
                ],
                "preemptible": false,
                "reservation_affinity": [],
                "resource_labels": null,
                "resource_manager_tags": null,
                "secondary_boot_disks": [],
                "service_account": "",
                "shielded_instance_config": [],
                "sole_tenant_config": [],
                "spot": false,
                "storage_pools": null,
                "tags": null,
                "taint": [],
                "windows_node_config": [],
                "workload_metadata_config": []
              }
            ],
            "node_count": 2,
            "node_locations": [],
            "operation": null,
            "placement_policy": [],
            "project": "web-scraper-455220",
            "queued_provisioning": [],
            "timeouts": null,
            "upgrade_settings": null,
            "version": null
          },
          "sensitive_attributes": [],
          "private": "eyJlMmJmYjczMC1lY2FhLTExZTYtOGY4OC0zNDM2M2JjN2M0YzAiOnsiY3JlYXRlIjoxODAwMDAwMDAwMDAwLCJkZWxldGUiOjE4MDAwMDAwMDAwMDAsInVwZGF0ZSI6MTgwMDAwMDAwMDAwMH0sInNjaGVtYV92ZXJzaW9uIjoiMSJ9",
          "dependencies": [
            "google_container_cluster.primary"
          ]
        }
      ]
    }
  ],
  "check_results": null
}
